// !$*UTF8*$!
{
	archiveVersion = 1;
	classes = {
	};
	objectVersion = 55;
	objects = {

/* Begin PBXBuildFile section */
		2F4EAFE628759D6700EC102E /* OnboardingViewController.swift in Sources */ = {isa = PBXBuildFile; fileRef = 2F4EAFE528759D6700EC102E /* OnboardingViewController.swift */; };
		2F4EAFE82876162F00EC102E /* OnboardingContainerViewController.swift in Sources */ = {isa = PBXBuildFile; fileRef = 2F4EAFE72876162F00EC102E /* OnboardingContainerViewController.swift */; };
		2F698CB5286B08B80059164A /* AppDelegate.swift in Sources */ = {isa = PBXBuildFile; fileRef = 2F698CB4286B08B80059164A /* AppDelegate.swift */; };
		2F698CB9286B08B80059164A /* LoginViewController.swift in Sources */ = {isa = PBXBuildFile; fileRef = 2F698CB8286B08B80059164A /* LoginViewController.swift */; };
		2F698CBE286B08B90059164A /* Assets.xcassets in Resources */ = {isa = PBXBuildFile; fileRef = 2F698CBD286B08B90059164A /* Assets.xcassets */; };
		2F698CC1286B08B90059164A /* LaunchScreen.storyboard in Resources */ = {isa = PBXBuildFile; fileRef = 2F698CBF286B08B90059164A /* LaunchScreen.storyboard */; };
		2F698CCC286C4EF50059164A /* LoginView.swift in Sources */ = {isa = PBXBuildFile; fileRef = 2F698CCB286C4EF50059164A /* LoginView.swift */; };
		2FEC31A5287B589700F5A5EC /* AccountSummaryCell.swift in Sources */ = {isa = PBXBuildFile; fileRef = 2FEC31A4287B589700F5A5EC /* AccountSummaryCell.swift */; };
		2FEC31A7287B87A300F5A5EC /* DecimalUtils.swift in Sources */ = {isa = PBXBuildFile; fileRef = 2FEC31A6287B87A300F5A5EC /* DecimalUtils.swift */; };
		2FEC31A9287B881400F5A5EC /* CurrencyFormatter.swift in Sources */ = {isa = PBXBuildFile; fileRef = 2FEC31A8287B881400F5A5EC /* CurrencyFormatter.swift */; };
		2FF4538F287AE26900796E53 /* DummyViewController.swift in Sources */ = {isa = PBXBuildFile; fileRef = 2FF4538E287AE26900796E53 /* DummyViewController.swift */; };
		2FF45392287AF12B00796E53 /* LocalState.swift in Sources */ = {isa = PBXBuildFile; fileRef = 2FF45391287AF12B00796E53 /* LocalState.swift */; };
		2FF45394287B26B200796E53 /* UIViewController+Utils.swift in Sources */ = {isa = PBXBuildFile; fileRef = 2FF45393287B26B200796E53 /* UIViewController+Utils.swift */; };
		2FF45396287B283800796E53 /* MainViewController.swift in Sources */ = {isa = PBXBuildFile; fileRef = 2FF45395287B283800796E53 /* MainViewController.swift */; };
		2FF45399287B3F4900796E53 /* AccountSummaryViewController.swift in Sources */ = {isa = PBXBuildFile; fileRef = 2FF45398287B3F4900796E53 /* AccountSummaryViewController.swift */; };
		2FF4539B287B439500796E53 /* AccountSummaryHeaderView.swift in Sources */ = {isa = PBXBuildFile; fileRef = 2FF4539A287B439500796E53 /* AccountSummaryHeaderView.swift */; };
		2FF4539D287B43C600796E53 /* AccountSummaryHeaderView.xib in Resources */ = {isa = PBXBuildFile; fileRef = 2FF4539C287B43C500796E53 /* AccountSummaryHeaderView.xib */; };
/* End PBXBuildFile section */

/* Begin PBXFileReference section */
		2F4EAFE528759D6700EC102E /* OnboardingViewController.swift */ = {isa = PBXFileReference; lastKnownFileType = sourcecode.swift; path = OnboardingViewController.swift; sourceTree = "<group>"; };
		2F4EAFE72876162F00EC102E /* OnboardingContainerViewController.swift */ = {isa = PBXFileReference; lastKnownFileType = sourcecode.swift; path = OnboardingContainerViewController.swift; sourceTree = "<group>"; };
		2F698CB1286B08B80059164A /* CoSport.app */ = {isa = PBXFileReference; explicitFileType = wrapper.application; includeInIndex = 0; path = CoSport.app; sourceTree = BUILT_PRODUCTS_DIR; };
		2F698CB4286B08B80059164A /* AppDelegate.swift */ = {isa = PBXFileReference; lastKnownFileType = sourcecode.swift; path = AppDelegate.swift; sourceTree = "<group>"; };
		2F698CB8286B08B80059164A /* LoginViewController.swift */ = {isa = PBXFileReference; lastKnownFileType = sourcecode.swift; path = LoginViewController.swift; sourceTree = "<group>"; };
		2F698CBD286B08B90059164A /* Assets.xcassets */ = {isa = PBXFileReference; lastKnownFileType = folder.assetcatalog; path = Assets.xcassets; sourceTree = "<group>"; };
		2F698CC0286B08B90059164A /* Base */ = {isa = PBXFileReference; lastKnownFileType = file.storyboard; name = Base; path = Base.lproj/LaunchScreen.storyboard; sourceTree = "<group>"; };
		2F698CC2286B08B90059164A /* Info.plist */ = {isa = PBXFileReference; lastKnownFileType = text.plist.xml; path = Info.plist; sourceTree = "<group>"; };
		2F698CCB286C4EF50059164A /* LoginView.swift */ = {isa = PBXFileReference; lastKnownFileType = sourcecode.swift; path = LoginView.swift; sourceTree = "<group>"; };
		2FEC31A4287B589700F5A5EC /* AccountSummaryCell.swift */ = {isa = PBXFileReference; lastKnownFileType = sourcecode.swift; path = AccountSummaryCell.swift; sourceTree = "<group>"; };
		2FEC31A6287B87A300F5A5EC /* DecimalUtils.swift */ = {isa = PBXFileReference; lastKnownFileType = sourcecode.swift; name = DecimalUtils.swift; path = CoSport/Utils/DecimalUtils.swift; sourceTree = SOURCE_ROOT; };
		2FEC31A8287B881400F5A5EC /* CurrencyFormatter.swift */ = {isa = PBXFileReference; lastKnownFileType = sourcecode.swift; path = CurrencyFormatter.swift; sourceTree = "<group>"; };
		2FF4538E287AE26900796E53 /* DummyViewController.swift */ = {isa = PBXFileReference; lastKnownFileType = sourcecode.swift; path = DummyViewController.swift; sourceTree = "<group>"; };
		2FF45391287AF12B00796E53 /* LocalState.swift */ = {isa = PBXFileReference; lastKnownFileType = sourcecode.swift; path = LocalState.swift; sourceTree = "<group>"; };
		2FF45393287B26B200796E53 /* UIViewController+Utils.swift */ = {isa = PBXFileReference; lastKnownFileType = sourcecode.swift; path = "UIViewController+Utils.swift"; sourceTree = "<group>"; };
		2FF45395287B283800796E53 /* MainViewController.swift */ = {isa = PBXFileReference; lastKnownFileType = sourcecode.swift; name = MainViewController.swift; path = CoSport/MainViewController.swift; sourceTree = SOURCE_ROOT; };
		2FF45398287B3F4900796E53 /* AccountSummaryViewController.swift */ = {isa = PBXFileReference; lastKnownFileType = sourcecode.swift; path = AccountSummaryViewController.swift; sourceTree = "<group>"; };
		2FF4539A287B439500796E53 /* AccountSummaryHeaderView.swift */ = {isa = PBXFileReference; lastKnownFileType = sourcecode.swift; path = AccountSummaryHeaderView.swift; sourceTree = "<group>"; };
		2FF4539C287B43C500796E53 /* AccountSummaryHeaderView.xib */ = {isa = PBXFileReference; lastKnownFileType = file.xib; path = AccountSummaryHeaderView.xib; sourceTree = "<group>"; };
/* End PBXFileReference section */

/* Begin PBXFrameworksBuildPhase section */
		2F698CAE286B08B80059164A /* Frameworks */ = {
			isa = PBXFrameworksBuildPhase;
			buildActionMask = 2147483647;
			files = (
			);
			runOnlyForDeploymentPostprocessing = 0;
		};
/* End PBXFrameworksBuildPhase section */

/* Begin PBXGroup section */
		2F4EAFE428759D4200EC102E /* Onboarding */ = {
			isa = PBXGroup;
			children = (
				2F4EAFE528759D6700EC102E /* OnboardingViewController.swift */,
				2F4EAFE72876162F00EC102E /* OnboardingContainerViewController.swift */,
			);
			path = Onboarding;
			sourceTree = "<group>";
		};
		2F698CA8286B08B80059164A = {
			isa = PBXGroup;
			children = (
				2F698CB3286B08B80059164A /* CoSport */,
				2F698CB2286B08B80059164A /* Products */,
			);
			sourceTree = "<group>";
		};
		2F698CB2286B08B80059164A /* Products */ = {
			isa = PBXGroup;
			children = (
				2F698CB1286B08B80059164A /* CoSport.app */,
			);
			name = Products;
			sourceTree = "<group>";
		};
		2F698CB3286B08B80059164A /* CoSport */ = {
			isa = PBXGroup;
			children = (
				2FF45395287B283800796E53 /* MainViewController.swift */,
				2F698CB4286B08B80059164A /* AppDelegate.swift */,
				2F698CCA286C4EC20059164A /* Login */,
				2F4EAFE428759D4200EC102E /* Onboarding */,
				2FF45397287B3F0400796E53 /* Home */,
				2F698CC8286C4E750059164A /* Files */,
				2FF45390287AF11A00796E53 /* Utils */,
			);
			path = CoSport;
			sourceTree = "<group>";
		};
		2F698CC8286C4E750059164A /* Files */ = {
			isa = PBXGroup;
			children = (
				2F698CBD286B08B90059164A /* Assets.xcassets */,
				2F698CBF286B08B90059164A /* LaunchScreen.storyboard */,
				2F698CC2286B08B90059164A /* Info.plist */,
			);
			name = Files;
			sourceTree = "<group>";
		};
		2F698CCA286C4EC20059164A /* Login */ = {
			isa = PBXGroup;
			children = (
				2F698CB8286B08B80059164A /* LoginViewController.swift */,
				2F698CCB286C4EF50059164A /* LoginView.swift */,
				2FF4538E287AE26900796E53 /* DummyViewController.swift */,
			);
			path = Login;
			sourceTree = "<group>";
		};
		2FEC31A2287B583C00F5A5EC /* Header */ = {
			isa = PBXGroup;
			children = (
				2FF4539A287B439500796E53 /* AccountSummaryHeaderView.swift */,
				2FF4539C287B43C500796E53 /* AccountSummaryHeaderView.xib */,
			);
			path = Header;
			sourceTree = "<group>";
		};
		2FEC31A3287B585C00F5A5EC /* Cells */ = {
			isa = PBXGroup;
			children = (
				2FEC31A4287B589700F5A5EC /* AccountSummaryCell.swift */,
			);
			path = Cells;
			sourceTree = "<group>";
		};
		2FF45390287AF11A00796E53 /* Utils */ = {
			isa = PBXGroup;
			children = (
				2FF45391287AF12B00796E53 /* LocalState.swift */,
				2FF45393287B26B200796E53 /* UIViewController+Utils.swift */,
				2FEC31A8287B881400F5A5EC /* CurrencyFormatter.swift */,
			);
			path = Utils;
			sourceTree = "<group>";
		};
		2FF45397287B3F0400796E53 /* Home */ = {
			isa = PBXGroup;
			children = (
				2FF45398287B3F4900796E53 /* AccountSummaryViewController.swift */,
				2FEC31A6287B87A300F5A5EC /* DecimalUtils.swift */,
				2FEC31A3287B585C00F5A5EC /* Cells */,
				2FEC31A2287B583C00F5A5EC /* Header */,
			);
			path = Home;
			sourceTree = "<group>";
		};
/* End PBXGroup section */

/* Begin PBXNativeTarget section */
		2F698CB0286B08B80059164A /* CoSport */ = {
			isa = PBXNativeTarget;
			buildConfigurationList = 2F698CC5286B08B90059164A /* Build configuration list for PBXNativeTarget "CoSport" */;
			buildPhases = (
				2F698CAD286B08B80059164A /* Sources */,
				2F698CAE286B08B80059164A /* Frameworks */,
				2F698CAF286B08B80059164A /* Resources */,
			);
			buildRules = (
			);
			dependencies = (
			);
			name = CoSport;
			productName = Bankey;
			productReference = 2F698CB1286B08B80059164A /* CoSport.app */;
			productType = "com.apple.product-type.application";
		};
/* End PBXNativeTarget section */

/* Begin PBXProject section */
		2F698CA9286B08B80059164A /* Project object */ = {
			isa = PBXProject;
			attributes = {
				BuildIndependentTargetsInParallel = 1;
				LastSwiftUpdateCheck = 1330;
				LastUpgradeCheck = 1330;
				TargetAttributes = {
					2F698CB0286B08B80059164A = {
						CreatedOnToolsVersion = 13.3.1;
					};
				};
			};
			buildConfigurationList = 2F698CAC286B08B80059164A /* Build configuration list for PBXProject "CoSport" */;
			compatibilityVersion = "Xcode 13.0";
			developmentRegion = en;
			hasScannedForEncodings = 0;
			knownRegions = (
				en,
				Base,
			);
			mainGroup = 2F698CA8286B08B80059164A;
			productRefGroup = 2F698CB2286B08B80059164A /* Products */;
			projectDirPath = "";
			projectRoot = "";
			targets = (
				2F698CB0286B08B80059164A /* CoSport */,
			);
		};
/* End PBXProject section */

/* Begin PBXResourcesBuildPhase section */
		2F698CAF286B08B80059164A /* Resources */ = {
			isa = PBXResourcesBuildPhase;
			buildActionMask = 2147483647;
			files = (
				2FF4539D287B43C600796E53 /* AccountSummaryHeaderView.xib in Resources */,
				2F698CC1286B08B90059164A /* LaunchScreen.storyboard in Resources */,
				2F698CBE286B08B90059164A /* Assets.xcassets in Resources */,
			);
			runOnlyForDeploymentPostprocessing = 0;
		};
/* End PBXResourcesBuildPhase section */

/* Begin PBXSourcesBuildPhase section */
		2F698CAD286B08B80059164A /* Sources */ = {
			isa = PBXSourcesBuildPhase;
			buildActionMask = 2147483647;
			files = (
				2FF45394287B26B200796E53 /* UIViewController+Utils.swift in Sources */,
				2F4EAFE82876162F00EC102E /* OnboardingContainerViewController.swift in Sources */,
				2FF45392287AF12B00796E53 /* LocalState.swift in Sources */,
				2FF4539B287B439500796E53 /* AccountSummaryHeaderView.swift in Sources */,
				2FF4538F287AE26900796E53 /* DummyViewController.swift in Sources */,
				2FEC31A9287B881400F5A5EC /* CurrencyFormatter.swift in Sources */,
				2FEC31A7287B87A300F5A5EC /* DecimalUtils.swift in Sources */,
				2F698CCC286C4EF50059164A /* LoginView.swift in Sources */,
				2FEC31A5287B589700F5A5EC /* AccountSummaryCell.swift in Sources */,
				2F698CB9286B08B80059164A /* LoginViewController.swift in Sources */,
				2FF45396287B283800796E53 /* MainViewController.swift in Sources */,
				2FF45399287B3F4900796E53 /* AccountSummaryViewController.swift in Sources */,
				2F698CB5286B08B80059164A /* AppDelegate.swift in Sources */,
				2F4EAFE628759D6700EC102E /* OnboardingViewController.swift in Sources */,
			);
			runOnlyForDeploymentPostprocessing = 0;
		};
/* End PBXSourcesBuildPhase section */

/* Begin PBXVariantGroup section */
		2F698CBF286B08B90059164A /* LaunchScreen.storyboard */ = {
			isa = PBXVariantGroup;
			children = (
				2F698CC0286B08B90059164A /* Base */,
			);
			name = LaunchScreen.storyboard;
			sourceTree = "<group>";
		};
/* End PBXVariantGroup section */

/* Begin XCBuildConfiguration section */
		2F698CC3286B08B90059164A /* Debug */ = {
			isa = XCBuildConfiguration;
			buildSettings = {
				ALWAYS_SEARCH_USER_PATHS = NO;
				CLANG_ANALYZER_NONNULL = YES;
				CLANG_ANALYZER_NUMBER_OBJECT_CONVERSION = YES_AGGRESSIVE;
				CLANG_CXX_LANGUAGE_STANDARD = "gnu++17";
				CLANG_ENABLE_MODULES = YES;
				CLANG_ENABLE_OBJC_ARC = YES;
				CLANG_ENABLE_OBJC_WEAK = YES;
				CLANG_WARN_BLOCK_CAPTURE_AUTORELEASING = YES;
				CLANG_WARN_BOOL_CONVERSION = YES;
				CLANG_WARN_COMMA = YES;
				CLANG_WARN_CONSTANT_CONVERSION = YES;
				CLANG_WARN_DEPRECATED_OBJC_IMPLEMENTATIONS = YES;
				CLANG_WARN_DIRECT_OBJC_ISA_USAGE = YES_ERROR;
				CLANG_WARN_DOCUMENTATION_COMMENTS = YES;
				CLANG_WARN_EMPTY_BODY = YES;
				CLANG_WARN_ENUM_CONVERSION = YES;
				CLANG_WARN_INFINITE_RECURSION = YES;
				CLANG_WARN_INT_CONVERSION = YES;
				CLANG_WARN_NON_LITERAL_NULL_CONVERSION = YES;
				CLANG_WARN_OBJC_IMPLICIT_RETAIN_SELF = YES;
				CLANG_WARN_OBJC_LITERAL_CONVERSION = YES;
				CLANG_WARN_OBJC_ROOT_CLASS = YES_ERROR;
				CLANG_WARN_QUOTED_INCLUDE_IN_FRAMEWORK_HEADER = YES;
				CLANG_WARN_RANGE_LOOP_ANALYSIS = YES;
				CLANG_WARN_STRICT_PROTOTYPES = YES;
				CLANG_WARN_SUSPICIOUS_MOVE = YES;
				CLANG_WARN_UNGUARDED_AVAILABILITY = YES_AGGRESSIVE;
				CLANG_WARN_UNREACHABLE_CODE = YES;
				CLANG_WARN__DUPLICATE_METHOD_MATCH = YES;
				COPY_PHASE_STRIP = NO;
				DEBUG_INFORMATION_FORMAT = dwarf;
				ENABLE_STRICT_OBJC_MSGSEND = YES;
				ENABLE_TESTABILITY = YES;
				GCC_C_LANGUAGE_STANDARD = gnu11;
				GCC_DYNAMIC_NO_PIC = NO;
				GCC_NO_COMMON_BLOCKS = YES;
				GCC_OPTIMIZATION_LEVEL = 0;
				GCC_PREPROCESSOR_DEFINITIONS = (
					"DEBUG=1",
					"$(inherited)",
				);
				GCC_WARN_64_TO_32_BIT_CONVERSION = YES;
				GCC_WARN_ABOUT_RETURN_TYPE = YES_ERROR;
				GCC_WARN_UNDECLARED_SELECTOR = YES;
				GCC_WARN_UNINITIALIZED_AUTOS = YES_AGGRESSIVE;
				GCC_WARN_UNUSED_FUNCTION = YES;
				GCC_WARN_UNUSED_VARIABLE = YES;
				IPHONEOS_DEPLOYMENT_TARGET = 15.4;
				MTL_ENABLE_DEBUG_INFO = INCLUDE_SOURCE;
				MTL_FAST_MATH = YES;
				ONLY_ACTIVE_ARCH = YES;
				SDKROOT = iphoneos;
				SWIFT_ACTIVE_COMPILATION_CONDITIONS = DEBUG;
				SWIFT_OPTIMIZATION_LEVEL = "-Onone";
			};
			name = Debug;
		};
		2F698CC4286B08B90059164A /* Release */ = {
			isa = XCBuildConfiguration;
			buildSettings = {
				ALWAYS_SEARCH_USER_PATHS = NO;
				CLANG_ANALYZER_NONNULL = YES;
				CLANG_ANALYZER_NUMBER_OBJECT_CONVERSION = YES_AGGRESSIVE;
				CLANG_CXX_LANGUAGE_STANDARD = "gnu++17";
				CLANG_ENABLE_MODULES = YES;
				CLANG_ENABLE_OBJC_ARC = YES;
				CLANG_ENABLE_OBJC_WEAK = YES;
				CLANG_WARN_BLOCK_CAPTURE_AUTORELEASING = YES;
				CLANG_WARN_BOOL_CONVERSION = YES;
				CLANG_WARN_COMMA = YES;
				CLANG_WARN_CONSTANT_CONVERSION = YES;
				CLANG_WARN_DEPRECATED_OBJC_IMPLEMENTATIONS = YES;
				CLANG_WARN_DIRECT_OBJC_ISA_USAGE = YES_ERROR;
				CLANG_WARN_DOCUMENTATION_COMMENTS = YES;
				CLANG_WARN_EMPTY_BODY = YES;
				CLANG_WARN_ENUM_CONVERSION = YES;
				CLANG_WARN_INFINITE_RECURSION = YES;
				CLANG_WARN_INT_CONVERSION = YES;
				CLANG_WARN_NON_LITERAL_NULL_CONVERSION = YES;
				CLANG_WARN_OBJC_IMPLICIT_RETAIN_SELF = YES;
				CLANG_WARN_OBJC_LITERAL_CONVERSION = YES;
				CLANG_WARN_OBJC_ROOT_CLASS = YES_ERROR;
				CLANG_WARN_QUOTED_INCLUDE_IN_FRAMEWORK_HEADER = YES;
				CLANG_WARN_RANGE_LOOP_ANALYSIS = YES;
				CLANG_WARN_STRICT_PROTOTYPES = YES;
				CLANG_WARN_SUSPICIOUS_MOVE = YES;
				CLANG_WARN_UNGUARDED_AVAILABILITY = YES_AGGRESSIVE;
				CLANG_WARN_UNREACHABLE_CODE = YES;
				CLANG_WARN__DUPLICATE_METHOD_MATCH = YES;
				COPY_PHASE_STRIP = NO;
				DEBUG_INFORMATION_FORMAT = "dwarf-with-dsym";
				ENABLE_NS_ASSERTIONS = NO;
				ENABLE_STRICT_OBJC_MSGSEND = YES;
				GCC_C_LANGUAGE_STANDARD = gnu11;
				GCC_NO_COMMON_BLOCKS = YES;
				GCC_WARN_64_TO_32_BIT_CONVERSION = YES;
				GCC_WARN_ABOUT_RETURN_TYPE = YES_ERROR;
				GCC_WARN_UNDECLARED_SELECTOR = YES;
				GCC_WARN_UNINITIALIZED_AUTOS = YES_AGGRESSIVE;
				GCC_WARN_UNUSED_FUNCTION = YES;
				GCC_WARN_UNUSED_VARIABLE = YES;
				IPHONEOS_DEPLOYMENT_TARGET = 15.4;
				MTL_ENABLE_DEBUG_INFO = NO;
				MTL_FAST_MATH = YES;
				SDKROOT = iphoneos;
				SWIFT_COMPILATION_MODE = wholemodule;
				SWIFT_OPTIMIZATION_LEVEL = "-O";
				VALIDATE_PRODUCT = YES;
			};
			name = Release;
		};
		2F698CC6286B08B90059164A /* Debug */ = {
			isa = XCBuildConfiguration;
			buildSettings = {
				ASSETCATALOG_COMPILER_APPICON_NAME = AppIcon;
				ASSETCATALOG_COMPILER_GLOBAL_ACCENT_COLOR_NAME = AccentColor;
				CODE_SIGN_STYLE = Automatic;
				CURRENT_PROJECT_VERSION = 1;
				DEVELOPMENT_TEAM = LAFK9574M6;
				GENERATE_INFOPLIST_FILE = YES;
				INFOPLIST_KEY_UIApplicationSupportsIndirectInputEvents = YES;
				INFOPLIST_KEY_UILaunchStoryboardName = LaunchScreen;
				INFOPLIST_KEY_UISupportedInterfaceOrientations_iPad = "UIInterfaceOrientationPortrait UIInterfaceOrientationPortraitUpsideDown UIInterfaceOrientationLandscapeLeft UIInterfaceOrientationLandscapeRight";
				INFOPLIST_KEY_UISupportedInterfaceOrientations_iPhone = "UIInterfaceOrientationPortrait UIInterfaceOrientationLandscapeLeft UIInterfaceOrientationLandscapeRight";
				LD_RUNPATH_SEARCH_PATHS = (
					"$(inherited)",
					"@executable_path/Frameworks",
				);
				MARKETING_VERSION = 1.0;
				PRODUCT_BUNDLE_IDENTIFIER = com.seyfulmuluk.Bankey;
				PRODUCT_NAME = "$(TARGET_NAME)";
				SWIFT_EMIT_LOC_STRINGS = YES;
				SWIFT_VERSION = 5.0;
				TARGETED_DEVICE_FAMILY = "1,2";
			};
			name = Debug;
		};
		2F698CC7286B08B90059164A /* Release */ = {
			isa = XCBuildConfiguration;
			buildSettings = {
				ASSETCATALOG_COMPILER_APPICON_NAME = AppIcon;
				ASSETCATALOG_COMPILER_GLOBAL_ACCENT_COLOR_NAME = AccentColor;
				CODE_SIGN_STYLE = Automatic;
				CURRENT_PROJECT_VERSION = 1;
				DEVELOPMENT_TEAM = LAFK9574M6;
				GENERATE_INFOPLIST_FILE = YES;
				INFOPLIST_KEY_UIApplicationSupportsIndirectInputEvents = YES;
				INFOPLIST_KEY_UILaunchStoryboardName = LaunchScreen;
				INFOPLIST_KEY_UISupportedInterfaceOrientations_iPad = "UIInterfaceOrientationPortrait UIInterfaceOrientationPortraitUpsideDown UIInterfaceOrientationLandscapeLeft UIInterfaceOrientationLandscapeRight";
				INFOPLIST_KEY_UISupportedInterfaceOrientations_iPhone = "UIInterfaceOrientationPortrait UIInterfaceOrientationLandscapeLeft UIInterfaceOrientationLandscapeRight";
				LD_RUNPATH_SEARCH_PATHS = (
					"$(inherited)",
					"@executable_path/Frameworks",
				);
				MARKETING_VERSION = 1.0;
				PRODUCT_BUNDLE_IDENTIFIER = com.seyfulmuluk.Bankey;
				PRODUCT_NAME = "$(TARGET_NAME)";
				SWIFT_EMIT_LOC_STRINGS = YES;
				SWIFT_VERSION = 5.0;
				TARGETED_DEVICE_FAMILY = "1,2";
			};
			name = Release;
		};
/* End XCBuildConfiguration section */

/* Begin XCConfigurationList section */
		2F698CAC286B08B80059164A /* Build configuration list for PBXProject "CoSport" */ = {
			isa = XCConfigurationList;
			buildConfigurations = (
				2F698CC3286B08B90059164A /* Debug */,
				2F698CC4286B08B90059164A /* Release */,
			);
			defaultConfigurationIsVisible = 0;
			defaultConfigurationName = Release;
		};
		2F698CC5286B08B90059164A /* Build configuration list for PBXNativeTarget "CoSport" */ = {
			isa = XCConfigurationList;
			buildConfigurations = (
				2F698CC6286B08B90059164A /* Debug */,
				2F698CC7286B08B90059164A /* Release */,
			);
			defaultConfigurationIsVisible = 0;
			defaultConfigurationName = Release;
		};
/* End XCConfigurationList section */
	};
	rootObject = 2F698CA9286B08B80059164A /* Project object */;
}
